
Microsoft Visual Studio Solution File, Format Version 12.00
# Visual Studio Version 16
VisualStudioVersion = 16.0.30225.117
MinimumVisualStudioVersion = 10.0.40219.1
Project("{FAE04EC0-301F-11D3-BF4B-00C04F79EFBC}") = "Internet Cafe Management", "Internet Cafe Management\Internet Cafe Management.csproj", "{F602090C-E5E9-40A7-88CA-DDA6FC44C40F}"
EndProject
Global
	GlobalSection(SolutionConfigurationPlatforms) = preSolution
		Debug|Any CPU = Debug|Any CPU
		Release|Any CPU = Release|Any CPU
	EndGlobalSection
	GlobalSection(ProjectConfigurationPlatforms) = postSolution
		{F602090C-E5E9-40A7-88CA-DDA6FC44C40F}.Debug|Any CPU.ActiveCfg = Debug|Any CPU
		{F602090C-E5E9-40A7-88CA-DDA6FC44C40F}.Debug|Any CPU.Build.0 = Debug|Any CPU
		{F602090C-E5E9-40A7-88CA-DDA6FC44C40F}.Release|Any CPU.ActiveCfg = Release|Any CPU
		{F602090C-E5E9-40A7-88CA-DDA6FC44C40F}.Release|Any CPU.Build.0 = Release|Any CPU
	EndGlobalSection
	GlobalSection(SolutionProperties) = preSolution
		HideSolutionNode = FALSE
	EndGlobalSection
	GlobalSection(ExtensibilityGlobals) = postSolution
		SolutionGuid = {8353B459-55E6-429A-831F-2A543801197F}
	EndGlobalSection
EndGlobal
